
Microsoft Visual Studio Solution File, Format Version 12.00
# Visual Studio Version 16
VisualStudioVersion = 16.0.29613.14
MinimumVisualStudioVersion = 10.0.40219.1
Project("{2150E333-8FDC-42A3-9474-1A3956D46DE8}") = "1-Application", "1-Application", "{E5BCFFF2-E84D-4D96-BC7F-07F20D43DC1B}"
EndProject
Project("{2150E333-8FDC-42A3-9474-1A3956D46DE8}") = "2-Domain", "2-Domain", "{75F291BC-3FE6-4F7B-834A-3467E78D8BBF}"
EndProject
Project("{9A19103F-16F7-4668-BE54-9A1E7A4F7556}") = "DomainModel", "DomainModel\DomainModel\DomainModel.csproj", "{1577DB8E-D7B1-4CB3-8E66-0EC50433B8DB}"
EndProject
Project("{9A19103F-16F7-4668-BE54-9A1E7A4F7556}") = "WebApi", "WebApi\WebApi.csproj", "{2DC73FA4-975D-470B-8AF4-CE325ED71BED}"
EndProject
Project("{E24C65DC-7377-472B-9ABA-BC803B73C61A}") = "ClientApp", "..\ClientApp\", "{A6375740-5C46-4C9A-9C4B-417E0BAB90A1}"
	ProjectSection(WebsiteProperties) = preProject
		TargetFrameworkMoniker = ".NETFramework,Version%3Dv4.0"
		Debug.AspNetCompiler.VirtualPath = "/localhost_61597"
		Debug.AspNetCompiler.PhysicalPath = "..\ClientApp\"
		Debug.AspNetCompiler.TargetPath = "PrecompiledWeb\localhost_61597\"
		Debug.AspNetCompiler.Updateable = "true"
		Debug.AspNetCompiler.ForceOverwrite = "true"
		Debug.AspNetCompiler.FixedNames = "false"
		Debug.AspNetCompiler.Debug = "True"
		Release.AspNetCompiler.VirtualPath = "/localhost_61597"
		Release.AspNetCompiler.PhysicalPath = "..\ClientApp\"
		Release.AspNetCompiler.TargetPath = "PrecompiledWeb\localhost_61597\"
		Release.AspNetCompiler.Updateable = "true"
		Release.AspNetCompiler.ForceOverwrite = "true"
		Release.AspNetCompiler.FixedNames = "false"
		Release.AspNetCompiler.Debug = "False"
		VWDPort = "61597"
	EndProjectSection
EndProject
Global
	GlobalSection(SolutionConfigurationPlatforms) = preSolution
		Debug|Any CPU = Debug|Any CPU
		Release|Any CPU = Release|Any CPU
	EndGlobalSection
	GlobalSection(ProjectConfigurationPlatforms) = postSolution
		{1577DB8E-D7B1-4CB3-8E66-0EC50433B8DB}.Debug|Any CPU.ActiveCfg = Debug|Any CPU
		{1577DB8E-D7B1-4CB3-8E66-0EC50433B8DB}.Debug|Any CPU.Build.0 = Debug|Any CPU
		{1577DB8E-D7B1-4CB3-8E66-0EC50433B8DB}.Release|Any CPU.ActiveCfg = Release|Any CPU
		{1577DB8E-D7B1-4CB3-8E66-0EC50433B8DB}.Release|Any CPU.Build.0 = Release|Any CPU
		{2DC73FA4-975D-470B-8AF4-CE325ED71BED}.Debug|Any CPU.ActiveCfg = Debug|Any CPU
		{2DC73FA4-975D-470B-8AF4-CE325ED71BED}.Debug|Any CPU.Build.0 = Debug|Any CPU
		{2DC73FA4-975D-470B-8AF4-CE325ED71BED}.Release|Any CPU.ActiveCfg = Release|Any CPU
		{2DC73FA4-975D-470B-8AF4-CE325ED71BED}.Release|Any CPU.Build.0 = Release|Any CPU
		{A6375740-5C46-4C9A-9C4B-417E0BAB90A1}.Debug|Any CPU.ActiveCfg = Debug|Any CPU
		{A6375740-5C46-4C9A-9C4B-417E0BAB90A1}.Debug|Any CPU.Build.0 = Debug|Any CPU
		{A6375740-5C46-4C9A-9C4B-417E0BAB90A1}.Release|Any CPU.ActiveCfg = Debug|Any CPU
		{A6375740-5C46-4C9A-9C4B-417E0BAB90A1}.Release|Any CPU.Build.0 = Debug|Any CPU
	EndGlobalSection
	GlobalSection(SolutionProperties) = preSolution
		HideSolutionNode = FALSE
	EndGlobalSection
	GlobalSection(NestedProjects) = preSolution
		{1577DB8E-D7B1-4CB3-8E66-0EC50433B8DB} = {75F291BC-3FE6-4F7B-834A-3467E78D8BBF}
		{2DC73FA4-975D-470B-8AF4-CE325ED71BED} = {E5BCFFF2-E84D-4D96-BC7F-07F20D43DC1B}
	EndGlobalSection
	GlobalSection(ExtensibilityGlobals) = postSolution
		SolutionGuid = {4A91DD9A-D6E7-4C3A-BA28-D7D414446A04}
	EndGlobalSection
EndGlobal
